
Microsoft Visual Studio Solution File, Format Version 12.00
# Visual Studio 2013
VisualStudioVersion = 12.0.30501.0
MinimumVisualStudioVersion = 10.0.40219.1
Project("{FAE04EC0-301F-11D3-BF4B-00C04F79EFBC}") = "GalaxyGame.Web", "GalaxyGame.Web\GalaxyGame.Web.csproj", "{63671393-90A9-4F9F-AF79-DD458589308F}"
EndProject
Project("{FAE04EC0-301F-11D3-BF4B-00C04F79EFBC}") = "GalaxyGame.Web.Tests", "GalaxyGame.Web.Tests\GalaxyGame.Web.Tests.csproj", "{8B190708-D144-4693-BD07-371C6A8697C5}"
EndProject
Project("{FAE04EC0-301F-11D3-BF4B-00C04F79EFBC}") = "GalaxyGame.Model", "GalaxyGame.Model\GalaxyGame.Model.csproj", "{9CF48E68-B036-4BAD-A872-079C2FE619D4}"
EndProject
Project("{FAE04EC0-301F-11D3-BF4B-00C04F79EFBC}") = "GalaxyGame.Core", "GalaxyGame.Core\GalaxyGame.Core.csproj", "{1AFE20A9-369B-4014-85AE-955D5C3A2D1D}"
EndProject
Project("{FAE04EC0-301F-11D3-BF4B-00C04F79EFBC}") = "GalaxyGame.DataLayer", "GalaxyGame.DataLayer\GalaxyGame.DataLayer.csproj", "{21620AE2-CA22-4BDC-ABBE-00977F5B93A7}"
EndProject
Project("{FAE04EC0-301F-11D3-BF4B-00C04F79EFBC}") = "GalaxyGame.ConsoleApp", "GalaxyGame.ConsoleApp\GalaxyGame.ConsoleApp.csproj", "{B38BD51C-63F1-478C-84F5-D87A2AB16FF0}"
EndProject
Project("{2150E333-8FDC-42A3-9474-1A3956D46DE8}") = "Core", "Core", "{55F61ED4-9A13-4724-A716-7B17EEF8CC89}"
EndProject
Project("{2150E333-8FDC-42A3-9474-1A3956D46DE8}") = "DataLayer", "DataLayer", "{1AA53784-DEBD-4754-BA96-E95487D5563F}"
EndProject
Project("{2150E333-8FDC-42A3-9474-1A3956D46DE8}") = "Model", "Model", "{02FAC18E-9A12-479A-B64F-9ACBD73D04B9}"
EndProject
Project("{2150E333-8FDC-42A3-9474-1A3956D46DE8}") = "Web", "Web", "{C4C0ADD9-4151-41E9-AE7D-933C91F55B55}"
EndProject
Project("{2150E333-8FDC-42A3-9474-1A3956D46DE8}") = "Service", "Service", "{6A87A986-5721-4D1F-8ECA-88D6E46F45F7}"
EndProject
Project("{FAE04EC0-301F-11D3-BF4B-00C04F79EFBC}") = "GalaxyGame.Service", "GalaxyGame.Service\GalaxyGame.Service.csproj", "{8FDE8A2F-E6BF-408A-A7C5-40665E6B6235}"
EndProject
Project("{2150E333-8FDC-42A3-9474-1A3956D46DE8}") = "Contract", "Contract", "{2CB9E347-1F9C-4E70-B785-C91ECFA0A2E2}"
EndProject
Project("{FAE04EC0-301F-11D3-BF4B-00C04F79EFBC}") = "GalaxyGame.Contract", "GalaxyGame.Contract\GalaxyGame.Contract.csproj", "{ECA86971-3E01-4917-AC2D-58294851A6C3}"
EndProject
Project("{FAE04EC0-301F-11D3-BF4B-00C04F79EFBC}") = "GalaxyGame.EntityFrameworkModel", "GalaxyGame.EntityFrameworkModel\GalaxyGame.EntityFrameworkModel.csproj", "{197A813E-D504-440C-811A-31544A2A0D08}"
EndProject
Project("{2150E333-8FDC-42A3-9474-1A3956D46DE8}") = "Client", "Client", "{F139BE72-E085-470E-AA53-029F7F1A8BAA}"
EndProject
Project("{FAE04EC0-301F-11D3-BF4B-00C04F79EFBC}") = "GalaxyGame.Dashboard", "GalaxyGame.Dashboard\GalaxyGame.Dashboard.csproj", "{833FB530-F7A8-4133-9A17-56FBFDF6EAFF}"
EndProject
Project("{FAE04EC0-301F-11D3-BF4B-00C04F79EFBC}") = "GalaxyGame.Dashboard.Tests", "GalaxyGame.Dashboard.Tests\GalaxyGame.Dashboard.Tests.csproj", "{FE65B578-5842-4A72-BDE8-46AFCDF7F630}"
EndProject
Project("{FAE04EC0-301F-11D3-BF4B-00C04F79EFBC}") = "GalaxyGame.Service.Tests", "GalaxyGame.Service.Tests\GalaxyGame.Service.Tests.csproj", "{B7AE2919-149D-4495-AFDF-20F3D2183E71}"
EndProject
Project("{FAE04EC0-301F-11D3-BF4B-00C04F79EFBC}") = "GalaxyGame.Core.TestInfrastructure", "GalaxyGame.Core.TestInfrastructure\GalaxyGame.Core.TestInfrastructure.csproj", "{95486B79-BF8A-4BA0-B12B-1A3E1D875BA8}"
EndProject
Project("{2150E333-8FDC-42A3-9474-1A3956D46DE8}") = "Unity", "Unity", "{14E59634-77B9-47EC-9695-809B10BCA38A}"
EndProject
Project("{FAE04EC0-301F-11D3-BF4B-00C04F79EFBC}") = "GalaxyGame.Unity", "GalaxyGame.Unity\GalaxyGame.Unity.csproj", "{32ACB538-3A51-46A2-A6C6-36F26BB19FE3}"
EndProject
Project("{FAE04EC0-301F-11D3-BF4B-00C04F79EFBC}") = "UnitySignalR", "UnitySignalR\UnitySignalR.csproj", "{9E21DF26-6D7B-4C75-85BE-E2E367B9F773}"
EndProject
Project("{FAE04EC0-301F-11D3-BF4B-00C04F79EFBC}") = "UnityFortuneVoronoi", "UnityFortuneVoronoi\UnityFortuneVoronoi.csproj", "{42C89235-8657-470A-B668-8B4343EC2453}"
EndProject
Project("{FAE04EC0-301F-11D3-BF4B-00C04F79EFBC}") = "UnityHelpers", "UnityHelpers\UnityHelpers.csproj", "{992A0A87-3D76-4B1B-BE65-BE91AFCC56EC}"
EndProject
Project("{FAE04EC0-301F-11D3-BF4B-00C04F79EFBC}") = "UnityTest", "UnityTest\UnityTest.csproj", "{D5E1972A-E990-449D-B7AD-99AB90B973CF}"
EndProject
Global
	GlobalSection(SolutionConfigurationPlatforms) = preSolution
		Debug|Any CPU = Debug|Any CPU
		Release|Any CPU = Release|Any CPU
	EndGlobalSection
	GlobalSection(ProjectConfigurationPlatforms) = postSolution
		{63671393-90A9-4F9F-AF79-DD458589308F}.Debug|Any CPU.ActiveCfg = Debug|Any CPU
		{63671393-90A9-4F9F-AF79-DD458589308F}.Debug|Any CPU.Build.0 = Debug|Any CPU
		{63671393-90A9-4F9F-AF79-DD458589308F}.Release|Any CPU.ActiveCfg = Release|Any CPU
		{63671393-90A9-4F9F-AF79-DD458589308F}.Release|Any CPU.Build.0 = Release|Any CPU
		{8B190708-D144-4693-BD07-371C6A8697C5}.Debug|Any CPU.ActiveCfg = Debug|Any CPU
		{8B190708-D144-4693-BD07-371C6A8697C5}.Debug|Any CPU.Build.0 = Debug|Any CPU
		{8B190708-D144-4693-BD07-371C6A8697C5}.Release|Any CPU.ActiveCfg = Release|Any CPU
		{8B190708-D144-4693-BD07-371C6A8697C5}.Release|Any CPU.Build.0 = Release|Any CPU
		{9CF48E68-B036-4BAD-A872-079C2FE619D4}.Debug|Any CPU.ActiveCfg = Debug|Any CPU
		{9CF48E68-B036-4BAD-A872-079C2FE619D4}.Debug|Any CPU.Build.0 = Debug|Any CPU
		{9CF48E68-B036-4BAD-A872-079C2FE619D4}.Release|Any CPU.ActiveCfg = Release|Any CPU
		{9CF48E68-B036-4BAD-A872-079C2FE619D4}.Release|Any CPU.Build.0 = Release|Any CPU
		{1AFE20A9-369B-4014-85AE-955D5C3A2D1D}.Debug|Any CPU.ActiveCfg = Debug|Any CPU
		{1AFE20A9-369B-4014-85AE-955D5C3A2D1D}.Debug|Any CPU.Build.0 = Debug|Any CPU
		{1AFE20A9-369B-4014-85AE-955D5C3A2D1D}.Release|Any CPU.ActiveCfg = Release|Any CPU
		{1AFE20A9-369B-4014-85AE-955D5C3A2D1D}.Release|Any CPU.Build.0 = Release|Any CPU
		{21620AE2-CA22-4BDC-ABBE-00977F5B93A7}.Debug|Any CPU.ActiveCfg = Debug|Any CPU
		{21620AE2-CA22-4BDC-ABBE-00977F5B93A7}.Debug|Any CPU.Build.0 = Debug|Any CPU
		{21620AE2-CA22-4BDC-ABBE-00977F5B93A7}.Release|Any CPU.ActiveCfg = Release|Any CPU
		{21620AE2-CA22-4BDC-ABBE-00977F5B93A7}.Release|Any CPU.Build.0 = Release|Any CPU
		{B38BD51C-63F1-478C-84F5-D87A2AB16FF0}.Debug|Any CPU.ActiveCfg = Debug|Any CPU
		{B38BD51C-63F1-478C-84F5-D87A2AB16FF0}.Debug|Any CPU.Build.0 = Debug|Any CPU
		{B38BD51C-63F1-478C-84F5-D87A2AB16FF0}.Release|Any CPU.ActiveCfg = Release|Any CPU
		{B38BD51C-63F1-478C-84F5-D87A2AB16FF0}.Release|Any CPU.Build.0 = Release|Any CPU
		{8FDE8A2F-E6BF-408A-A7C5-40665E6B6235}.Debug|Any CPU.ActiveCfg = Debug|Any CPU
		{8FDE8A2F-E6BF-408A-A7C5-40665E6B6235}.Debug|Any CPU.Build.0 = Debug|Any CPU
		{8FDE8A2F-E6BF-408A-A7C5-40665E6B6235}.Release|Any CPU.ActiveCfg = Release|Any CPU
		{8FDE8A2F-E6BF-408A-A7C5-40665E6B6235}.Release|Any CPU.Build.0 = Release|Any CPU
		{ECA86971-3E01-4917-AC2D-58294851A6C3}.Debug|Any CPU.ActiveCfg = Debug|Any CPU
		{ECA86971-3E01-4917-AC2D-58294851A6C3}.Debug|Any CPU.Build.0 = Debug|Any CPU
		{ECA86971-3E01-4917-AC2D-58294851A6C3}.Release|Any CPU.ActiveCfg = Release|Any CPU
		{ECA86971-3E01-4917-AC2D-58294851A6C3}.Release|Any CPU.Build.0 = Release|Any CPU
		{197A813E-D504-440C-811A-31544A2A0D08}.Debug|Any CPU.ActiveCfg = Debug|Any CPU
		{197A813E-D504-440C-811A-31544A2A0D08}.Debug|Any CPU.Build.0 = Debug|Any CPU
		{197A813E-D504-440C-811A-31544A2A0D08}.Release|Any CPU.ActiveCfg = Release|Any CPU
		{197A813E-D504-440C-811A-31544A2A0D08}.Release|Any CPU.Build.0 = Release|Any CPU
		{833FB530-F7A8-4133-9A17-56FBFDF6EAFF}.Debug|Any CPU.ActiveCfg = Debug|Any CPU
		{833FB530-F7A8-4133-9A17-56FBFDF6EAFF}.Debug|Any CPU.Build.0 = Debug|Any CPU
		{833FB530-F7A8-4133-9A17-56FBFDF6EAFF}.Release|Any CPU.ActiveCfg = Release|Any CPU
		{833FB530-F7A8-4133-9A17-56FBFDF6EAFF}.Release|Any CPU.Build.0 = Release|Any CPU
		{FE65B578-5842-4A72-BDE8-46AFCDF7F630}.Debug|Any CPU.ActiveCfg = Debug|Any CPU
		{FE65B578-5842-4A72-BDE8-46AFCDF7F630}.Debug|Any CPU.Build.0 = Debug|Any CPU
		{FE65B578-5842-4A72-BDE8-46AFCDF7F630}.Release|Any CPU.ActiveCfg = Release|Any CPU
		{FE65B578-5842-4A72-BDE8-46AFCDF7F630}.Release|Any CPU.Build.0 = Release|Any CPU
		{B7AE2919-149D-4495-AFDF-20F3D2183E71}.Debug|Any CPU.ActiveCfg = Debug|Any CPU
		{B7AE2919-149D-4495-AFDF-20F3D2183E71}.Debug|Any CPU.Build.0 = Debug|Any CPU
		{B7AE2919-149D-4495-AFDF-20F3D2183E71}.Release|Any CPU.ActiveCfg = Release|Any CPU
		{B7AE2919-149D-4495-AFDF-20F3D2183E71}.Release|Any CPU.Build.0 = Release|Any CPU
		{95486B79-BF8A-4BA0-B12B-1A3E1D875BA8}.Debug|Any CPU.ActiveCfg = Debug|Any CPU
		{95486B79-BF8A-4BA0-B12B-1A3E1D875BA8}.Debug|Any CPU.Build.0 = Debug|Any CPU
		{95486B79-BF8A-4BA0-B12B-1A3E1D875BA8}.Release|Any CPU.ActiveCfg = Release|Any CPU
		{95486B79-BF8A-4BA0-B12B-1A3E1D875BA8}.Release|Any CPU.Build.0 = Release|Any CPU
		{32ACB538-3A51-46A2-A6C6-36F26BB19FE3}.Debug|Any CPU.ActiveCfg = Debug|Any CPU
		{32ACB538-3A51-46A2-A6C6-36F26BB19FE3}.Debug|Any CPU.Build.0 = Debug|Any CPU
		{32ACB538-3A51-46A2-A6C6-36F26BB19FE3}.Release|Any CPU.ActiveCfg = Release|Any CPU
		{32ACB538-3A51-46A2-A6C6-36F26BB19FE3}.Release|Any CPU.Build.0 = Release|Any CPU
		{9E21DF26-6D7B-4C75-85BE-E2E367B9F773}.Debug|Any CPU.ActiveCfg = Debug|Any CPU
		{9E21DF26-6D7B-4C75-85BE-E2E367B9F773}.Debug|Any CPU.Build.0 = Debug|Any CPU
		{9E21DF26-6D7B-4C75-85BE-E2E367B9F773}.Release|Any CPU.ActiveCfg = Release|Any CPU
		{9E21DF26-6D7B-4C75-85BE-E2E367B9F773}.Release|Any CPU.Build.0 = Release|Any CPU
		{42C89235-8657-470A-B668-8B4343EC2453}.Debug|Any CPU.ActiveCfg = Debug|Any CPU
		{42C89235-8657-470A-B668-8B4343EC2453}.Debug|Any CPU.Build.0 = Debug|Any CPU
		{42C89235-8657-470A-B668-8B4343EC2453}.Release|Any CPU.ActiveCfg = Release|Any CPU
		{42C89235-8657-470A-B668-8B4343EC2453}.Release|Any CPU.Build.0 = Release|Any CPU
		{992A0A87-3D76-4B1B-BE65-BE91AFCC56EC}.Debug|Any CPU.ActiveCfg = Debug|Any CPU
		{992A0A87-3D76-4B1B-BE65-BE91AFCC56EC}.Debug|Any CPU.Build.0 = Debug|Any CPU
		{992A0A87-3D76-4B1B-BE65-BE91AFCC56EC}.Release|Any CPU.ActiveCfg = Release|Any CPU
		{992A0A87-3D76-4B1B-BE65-BE91AFCC56EC}.Release|Any CPU.Build.0 = Release|Any CPU
		{D5E1972A-E990-449D-B7AD-99AB90B973CF}.Debug|Any CPU.ActiveCfg = Debug|Any CPU
		{D5E1972A-E990-449D-B7AD-99AB90B973CF}.Debug|Any CPU.Build.0 = Debug|Any CPU
		{D5E1972A-E990-449D-B7AD-99AB90B973CF}.Release|Any CPU.ActiveCfg = Release|Any CPU
		{D5E1972A-E990-449D-B7AD-99AB90B973CF}.Release|Any CPU.Build.0 = Release|Any CPU
	EndGlobalSection
	GlobalSection(SolutionProperties) = preSolution
		HideSolutionNode = FALSE
	EndGlobalSection
	GlobalSection(NestedProjects) = preSolution
		{63671393-90A9-4F9F-AF79-DD458589308F} = {C4C0ADD9-4151-41E9-AE7D-933C91F55B55}
		{8B190708-D144-4693-BD07-371C6A8697C5} = {C4C0ADD9-4151-41E9-AE7D-933C91F55B55}
		{9CF48E68-B036-4BAD-A872-079C2FE619D4} = {02FAC18E-9A12-479A-B64F-9ACBD73D04B9}
		{1AFE20A9-369B-4014-85AE-955D5C3A2D1D} = {55F61ED4-9A13-4724-A716-7B17EEF8CC89}
		{21620AE2-CA22-4BDC-ABBE-00977F5B93A7} = {1AA53784-DEBD-4754-BA96-E95487D5563F}
		{8FDE8A2F-E6BF-408A-A7C5-40665E6B6235} = {6A87A986-5721-4D1F-8ECA-88D6E46F45F7}
		{ECA86971-3E01-4917-AC2D-58294851A6C3} = {2CB9E347-1F9C-4E70-B785-C91ECFA0A2E2}
		{197A813E-D504-440C-811A-31544A2A0D08} = {1AA53784-DEBD-4754-BA96-E95487D5563F}
		{833FB530-F7A8-4133-9A17-56FBFDF6EAFF} = {C4C0ADD9-4151-41E9-AE7D-933C91F55B55}
		{FE65B578-5842-4A72-BDE8-46AFCDF7F630} = {C4C0ADD9-4151-41E9-AE7D-933C91F55B55}
		{B7AE2919-149D-4495-AFDF-20F3D2183E71} = {6A87A986-5721-4D1F-8ECA-88D6E46F45F7}
		{95486B79-BF8A-4BA0-B12B-1A3E1D875BA8} = {55F61ED4-9A13-4724-A716-7B17EEF8CC89}
		{32ACB538-3A51-46A2-A6C6-36F26BB19FE3} = {14E59634-77B9-47EC-9695-809B10BCA38A}
		{9E21DF26-6D7B-4C75-85BE-E2E367B9F773} = {14E59634-77B9-47EC-9695-809B10BCA38A}
		{42C89235-8657-470A-B668-8B4343EC2453} = {14E59634-77B9-47EC-9695-809B10BCA38A}
		{992A0A87-3D76-4B1B-BE65-BE91AFCC56EC} = {14E59634-77B9-47EC-9695-809B10BCA38A}
		{D5E1972A-E990-449D-B7AD-99AB90B973CF} = {14E59634-77B9-47EC-9695-809B10BCA38A}
	EndGlobalSection
EndGlobal
